
Microsoft Visual Studio Solution File, Format Version 12.00
# Visual Studio Version 16
VisualStudioVersion = 16.0.30002.166
MinimumVisualStudioVersion = 10.0.40219.1
Project("{FAE04EC0-301F-11D3-BF4B-00C04F79EFBC}") = "Prueba_Certi", "Prueba_Certi\Prueba_Certi.csproj", "{E4F3D076-1B5B-4FEC-91B7-53366DAAF6B7}"
EndProject
Global
	GlobalSection(SolutionConfigurationPlatforms) = preSolution
		Debug|Any CPU = Debug|Any CPU
		Release|Any CPU = Release|Any CPU
	EndGlobalSection
	GlobalSection(ProjectConfigurationPlatforms) = postSolution
		{E4F3D076-1B5B-4FEC-91B7-53366DAAF6B7}.Debug|Any CPU.ActiveCfg = Debug|Any CPU
		{E4F3D076-1B5B-4FEC-91B7-53366DAAF6B7}.Debug|Any CPU.Build.0 = Debug|Any CPU
		{E4F3D076-1B5B-4FEC-91B7-53366DAAF6B7}.Release|Any CPU.ActiveCfg = Release|Any CPU
		{E4F3D076-1B5B-4FEC-91B7-53366DAAF6B7}.Release|Any CPU.Build.0 = Release|Any CPU
	EndGlobalSection
	GlobalSection(SolutionProperties) = preSolution
		HideSolutionNode = FALSE
	EndGlobalSection
	GlobalSection(ExtensibilityGlobals) = postSolution
		SolutionGuid = {9C33DF31-3910-4C47-87AD-D5453E7DE47F}
	EndGlobalSection
EndGlobal
